
Microsoft Visual Studio Solution File, Format Version 12.00
# Visual Studio Version 17
VisualStudioVersion = 17.3.32819.101
MinimumVisualStudioVersion = 10.0.40219.1
Project("{FAE04EC0-301F-11D3-BF4B-00C04F79EFBC}") = "Cardapio", "Cardapio\Cardapio.csproj", "{CF9AEFA4-E7CC-474A-AFA1-E91ECE4DF7DF}"
EndProject
Global
	GlobalSection(SolutionConfigurationPlatforms) = preSolution
		Debug|Any CPU = Debug|Any CPU
		Release|Any CPU = Release|Any CPU
	EndGlobalSection
	GlobalSection(ProjectConfigurationPlatforms) = postSolution
		{CF9AEFA4-E7CC-474A-AFA1-E91ECE4DF7DF}.Debug|Any CPU.ActiveCfg = Debug|Any CPU
		{CF9AEFA4-E7CC-474A-AFA1-E91ECE4DF7DF}.Debug|Any CPU.Build.0 = Debug|Any CPU
		{CF9AEFA4-E7CC-474A-AFA1-E91ECE4DF7DF}.Release|Any CPU.ActiveCfg = Release|Any CPU
		{CF9AEFA4-E7CC-474A-AFA1-E91ECE4DF7DF}.Release|Any CPU.Build.0 = Release|Any CPU
	EndGlobalSection
	GlobalSection(SolutionProperties) = preSolution
		HideSolutionNode = FALSE
	EndGlobalSection
	GlobalSection(ExtensibilityGlobals) = postSolution
		SolutionGuid = {27D314F4-2F6D-454A-B960-AEAA71BE8B93}
	EndGlobalSection
EndGlobal
